
Microsoft Visual Studio Solution File, Format Version 12.00
# Visual Studio Express 14 for Windows Desktop
VisualStudioVersion = 14.0.25420.1
MinimumVisualStudioVersion = 10.0.40219.1
Project("{F184B08F-C81C-45F6-A57F-5ABD9991F28F}") = "test2", "test2\test2.vbproj", "{176BEE86-D9E1-4237-BF9E-D16F81E80F0C}"
EndProject
Project("{F184B08F-C81C-45F6-A57F-5ABD9991F28F}") = "RpaCui2", "RpaCui2\RpaCui2.vbproj", "{B14145FA-7DCC-4EA8-B4B7-3B3BC7EC3978}"
EndProject
Project("{F184B08F-C81C-45F6-A57F-5ABD9991F28F}") = "Rpa00", "Rpa00\Rpa00.vbproj", "{65B475CF-58F0-45A4-88B6-6DBD64E16519}"
EndProject
Project("{F184B08F-C81C-45F6-A57F-5ABD9991F28F}") = "Rpa01", "Rpa01\Rpa01.vbproj", "{39C24200-B080-41A5-ACB9-2B75E1FA1C78}"
EndProject
Project("{F184B08F-C81C-45F6-A57F-5ABD9991F28F}") = "Setup", "Setup\Setup.vbproj", "{E1EE6210-43E9-434A-8979-6ACE14AD5B7F}"
EndProject
Project("{F184B08F-C81C-45F6-A57F-5ABD9991F28F}") = "RpaCui", "RpaCui\RpaCui.vbproj", "{54DCE427-83B7-48AF-8DDC-EEDB87ACD7E6}"
EndProject
Project("{F184B08F-C81C-45F6-A57F-5ABD9991F28F}") = "RpaRepository", "RpaRepository\RpaRepository.vbproj", "{68C94F06-7571-4EA1-9A21-FDE228452FA6}"
EndProject
Global
	GlobalSection(SolutionConfigurationPlatforms) = preSolution
		Debug|Any CPU = Debug|Any CPU
		Release|Any CPU = Release|Any CPU
	EndGlobalSection
	GlobalSection(ProjectConfigurationPlatforms) = postSolution
		{176BEE86-D9E1-4237-BF9E-D16F81E80F0C}.Debug|Any CPU.ActiveCfg = Debug|Any CPU
		{176BEE86-D9E1-4237-BF9E-D16F81E80F0C}.Debug|Any CPU.Build.0 = Debug|Any CPU
		{176BEE86-D9E1-4237-BF9E-D16F81E80F0C}.Release|Any CPU.ActiveCfg = Release|Any CPU
		{176BEE86-D9E1-4237-BF9E-D16F81E80F0C}.Release|Any CPU.Build.0 = Release|Any CPU
		{B14145FA-7DCC-4EA8-B4B7-3B3BC7EC3978}.Debug|Any CPU.ActiveCfg = Debug|Any CPU
		{B14145FA-7DCC-4EA8-B4B7-3B3BC7EC3978}.Debug|Any CPU.Build.0 = Debug|Any CPU
		{B14145FA-7DCC-4EA8-B4B7-3B3BC7EC3978}.Release|Any CPU.ActiveCfg = Release|Any CPU
		{B14145FA-7DCC-4EA8-B4B7-3B3BC7EC3978}.Release|Any CPU.Build.0 = Release|Any CPU
		{65B475CF-58F0-45A4-88B6-6DBD64E16519}.Debug|Any CPU.ActiveCfg = Debug|Any CPU
		{65B475CF-58F0-45A4-88B6-6DBD64E16519}.Debug|Any CPU.Build.0 = Debug|Any CPU
		{65B475CF-58F0-45A4-88B6-6DBD64E16519}.Release|Any CPU.ActiveCfg = Release|Any CPU
		{65B475CF-58F0-45A4-88B6-6DBD64E16519}.Release|Any CPU.Build.0 = Release|Any CPU
		{39C24200-B080-41A5-ACB9-2B75E1FA1C78}.Debug|Any CPU.ActiveCfg = Debug|Any CPU
		{39C24200-B080-41A5-ACB9-2B75E1FA1C78}.Debug|Any CPU.Build.0 = Debug|Any CPU
		{39C24200-B080-41A5-ACB9-2B75E1FA1C78}.Release|Any CPU.ActiveCfg = Release|Any CPU
		{39C24200-B080-41A5-ACB9-2B75E1FA1C78}.Release|Any CPU.Build.0 = Release|Any CPU
		{E1EE6210-43E9-434A-8979-6ACE14AD5B7F}.Debug|Any CPU.ActiveCfg = Debug|Any CPU
		{E1EE6210-43E9-434A-8979-6ACE14AD5B7F}.Debug|Any CPU.Build.0 = Debug|Any CPU
		{E1EE6210-43E9-434A-8979-6ACE14AD5B7F}.Release|Any CPU.ActiveCfg = Release|Any CPU
		{E1EE6210-43E9-434A-8979-6ACE14AD5B7F}.Release|Any CPU.Build.0 = Release|Any CPU
		{54DCE427-83B7-48AF-8DDC-EEDB87ACD7E6}.Debug|Any CPU.ActiveCfg = Debug|Any CPU
		{54DCE427-83B7-48AF-8DDC-EEDB87ACD7E6}.Debug|Any CPU.Build.0 = Debug|Any CPU
		{54DCE427-83B7-48AF-8DDC-EEDB87ACD7E6}.Release|Any CPU.ActiveCfg = Release|Any CPU
		{54DCE427-83B7-48AF-8DDC-EEDB87ACD7E6}.Release|Any CPU.Build.0 = Release|Any CPU
		{68C94F06-7571-4EA1-9A21-FDE228452FA6}.Debug|Any CPU.ActiveCfg = Debug|Any CPU
		{68C94F06-7571-4EA1-9A21-FDE228452FA6}.Debug|Any CPU.Build.0 = Debug|Any CPU
		{68C94F06-7571-4EA1-9A21-FDE228452FA6}.Release|Any CPU.ActiveCfg = Release|Any CPU
		{68C94F06-7571-4EA1-9A21-FDE228452FA6}.Release|Any CPU.Build.0 = Release|Any CPU
	EndGlobalSection
	GlobalSection(SolutionProperties) = preSolution
		HideSolutionNode = FALSE
	EndGlobalSection
	GlobalSection(ExtensibilityGlobals) = postSolution
		SolutionGuid = {C89D47FC-027F-48D0-9BF6-18D5F0596E79}
	EndGlobalSection
EndGlobal
